lockfileVersion: '9.0'

settings:
  autoInstallPeers: true
  excludeLinksFromLockfile: false

importers:

  .:
    devDependencies:
      '@xmldom/xmldom':
        specifier: ^0.9.12
        version: 0.9.12

packages:

  '@xmldom/xmldom@0.9.12':
    resolution: {integrity: sha512-5AXjrcMClTryPe9LgZrygpB1lj7s0S9E0+W+AHaVKAVyHanafK86iPSvG5xHVSp/jC+VH1UXu0TAEmY279xH7A==}
    engines: {node: '>=14.6'}

snapshots:

  '@xmldom/xmldom@0.9.12': {}
